# This file is automatically @generated by Poetry 1.6.1 and should not be changed by hand.

[[package]]
name = "css-inline"
version = "0.12.0"
description = "High-performance library for inlining CSS into HTML 'style' attributes"
optional = false
python-versions = ">=3.7"
files = [
    {file = "css_inline-0.12.0-cp37-abi3-macosx_10_12_x86_64.macosx_11_0_arm64.macosx_10_12_universal2.whl", hash = "sha256:72f127aa9ba934d49567d877a90369b53a78b1adcd3a5e69403ad0a1f1a57680"},
    {file = "css_inline-0.12.0-cp37-abi3-macosx_10_12_x86_64.whl", hash = "sha256:0b7b8495c48c6c6e54ef3effa604a1e468c0ab4808a58e62a4bd418e1481cb2f"},
    {file = "css_inline-0.12.0-cp37-abi3-manylinux_2_12_i686.manylinux2010_i686.whl", hash = "sha256:f73c24581e79faa52670809901c1bcc24232eaeef38c4111a815295923d86191"},
    {file = "css_inline-0.12.0-cp37-abi3-manylinux_2_17_x86_64.manylinux2014_x86_64.whl", hash = "sha256:5a9125689cfd4882088bdb66063876193a7322e134caffda67537f2fa5ca77c0"},
    {file = "css_inline-0.12.0-cp37-abi3-manylinux_2_24_aarch64.whl", hash = "sha256:9362c728b6c8026e07862650944e789e5607a9039ee04db1cf0aa9a8265003fa"},
    {file = "css_inline-0.12.0-cp37-abi3-manylinux_2_24_armv7l.whl", hash = "sha256:0ad77a48e829510068eff99fd189246ad46024722cb60da8e3c78d9b1c736b64"},
    {file = "css_inline-0.12.0-cp37-abi3-musllinux_1_2_aarch64.whl", hash = "sha256:eb327008d6ce931ee6f3ffe48204b2a80bbe3b35c52bbceb5f496ef0954cefed"},
    {file = "css_inline-0.12.0-cp37-abi3-musllinux_1_2_armv7l.whl", hash = "sha256:26f209e1aadc6e74ab8b7549cd700632e24750751a73812eacfdff2ccdcaf330"},
    {file = "css_inline-0.12.0-cp37-abi3-musllinux_1_2_x86_64.whl", hash = "sha256:97226ac169dbefce9d16656ae3a6a95571dc21d39c356cf493e9500b9b502c80"},
    {file = "css_inline-0.12.0-cp37-abi3-win32.whl", hash = "sha256:7df51b6684c8ba3a738709780561ffad5da066ad73e1015f659358f8ed2cd885"},
    {file = "css_inline-0.12.0-cp37-abi3-win_amd64.whl", hash = "sha256:a5eddeea1df83ba4d962f5503502dfd3293d8a0c90499a3d2bb2c2c8ffad3042"},
    {file = "css_inline-0.12.0-pp310-pypy310_pp73-macosx_10_12_x86_64.whl", hash = "sha256:80530da9e8926dadf532276b4c50db8de6c152268ae5e3484f791ba41303fe46"},
    {file = "css_inline-0.12.0-pp310-pypy310_pp73-manylinux_2_24_aarch64.whl", hash = "sha256:e6b56ba51a5e90b217085c6965c7154efbc5be3d699506ba34f00cff1362f027"},
    {file = "css_inline-0.12.0-pp310-pypy310_pp73-manylinux_2_24_x86_64.whl", hash = "sha256:9bdcbd880c2cf8a140c7a06e8d335e92066c268158dbf5aadc48ecd78774dc99"},
    {file = "css_inline-0.12.0-pp37-pypy37_pp73-macosx_10_12_x86_64.whl", hash = "sha256:4a8b9a2ef51051558661d411e6c5d5342355a74a47a5511c52a49534406de418"},
    {file = "css_inline-0.12.0-pp37-pypy37_pp73-manylinux_2_24_aarch64.whl", hash = "sha256:f6b227d5e4eab4f58b6cddbf2267e69df6c19d933e5b149a06e73df4f50317d2"},
    {file = "css_inline-0.12.0-pp37-pypy37_pp73-manylinux_2_24_x86_64.whl", hash = "sha256:bdb4eb707ec5867565322443216f388d7c148cb4e9d64a54859f8b841ceb4715"},
    {file = "css_inline-0.12.0-pp38-pypy38_pp73-macosx_10_12_x86_64.whl", hash = "sha256:f9925a675980f6b88fb8e6d48be1a2a41f84a6d8de640b00a5f995bd2a1632ac"},
    {file = "css_inline-0.12.0-pp38-pypy38_pp73-manylinux_2_24_aarch64.whl", hash = "sha256:f5262dab5fe474bb34819967aad08e448cb0552bc5b3766ab53f158551630ed9"},
    {file = "css_inline-0.12.0-pp38-pypy38_pp73-manylinux_2_24_x86_64.whl", hash = "sha256:4ea58ebfa84f99d1daa3c11571a7035b85f2e522c89804c40751bdb518799d15"},
    {file = "css_inline-0.12.0-pp39-pypy39_pp73-macosx_10_12_x86_64.whl", hash = "sha256:4f681642c6530c98a29289b50958b674a9b86699b5ab0769847e920bd048c456"},
    {file = "css_inline-0.12.0-pp39-pypy39_pp73-manylinux_2_24_aarch64.whl", hash = "sha256:be36f78690072b4bdd875c72f502f79f23616dd8d340b948688ab9d29c033812"},
    {file = "css_inline-0.12.0-pp39-pypy39_pp73-manylinux_2_24_x86_64.whl", hash = "sha256:fce03c770a5438a9d004dd3f70346b2b19e9f0489b9424e480c839900054b09b"},
    {file = "css_inline-0.12.0.tar.gz", hash = "sha256:6c0b2b5bfb07b4d5e59a0f039c407295141fe8d57f514fb7b437006177c693c9"},
]

[metadata]
lock-version = "2.0"
python-versions = "^3.11"
content-hash = "1ad97422e8a6aa926b441b99bcf17d81aa0363ab917d7ac63300b725be4d4f77"
